
Microsoft Visual Studio Solution File, Format Version 12.00
Project("{FAE04EC0-301F-11D3-BF4B-00C04F79EFBC}") = "tutorial08", "tutorial08.csproj", "{044A221D-2E64-49A6-8068-40F5D907FF85}"
EndProject
Global
	GlobalSection(SolutionConfigurationPlatforms) = preSolution
		Debug|Any CPU = Debug|Any CPU
		Release|Any CPU = Release|Any CPU
	EndGlobalSection
	GlobalSection(ProjectConfigurationPlatforms) = postSolution
		{044A221D-2E64-49A6-8068-40F5D907FF85}.Debug|Any CPU.ActiveCfg = Debug|Any CPU
		{044A221D-2E64-49A6-8068-40F5D907FF85}.Debug|Any CPU.Build.0 = Debug|Any CPU
		{044A221D-2E64-49A6-8068-40F5D907FF85}.Release|Any CPU.ActiveCfg = Release|Any CPU
		{044A221D-2E64-49A6-8068-40F5D907FF85}.Release|Any CPU.Build.0 = Release|Any CPU
	EndGlobalSection
EndGlobal
