
Microsoft Visual Studio Solution File, Format Version 12.00
Project("{FAE04EC0-301F-11D3-BF4B-00C04F79EFBC}") = "tutorial10", "tutorial10.csproj", "{30C5F21E-07E3-46F3-9084-7A1BA4A4E602}"
EndProject
Global
	GlobalSection(SolutionConfigurationPlatforms) = preSolution
		Debug|Any CPU = Debug|Any CPU
		Release|Any CPU = Release|Any CPU
	EndGlobalSection
	GlobalSection(ProjectConfigurationPlatforms) = postSolution
		{30C5F21E-07E3-46F3-9084-7A1BA4A4E602}.Debug|Any CPU.ActiveCfg = Debug|Any CPU
		{30C5F21E-07E3-46F3-9084-7A1BA4A4E602}.Debug|Any CPU.Build.0 = Debug|Any CPU
		{30C5F21E-07E3-46F3-9084-7A1BA4A4E602}.Release|Any CPU.ActiveCfg = Release|Any CPU
		{30C5F21E-07E3-46F3-9084-7A1BA4A4E602}.Release|Any CPU.Build.0 = Release|Any CPU
	EndGlobalSection
EndGlobal
