
Microsoft Visual Studio Solution File, Format Version 12.00
Project("{FAE04EC0-301F-11D3-BF4B-00C04F79EFBC}") = "tutorial12", "tutorial12.csproj", "{B2557546-12A6-4EC8-A92F-3DE31D5E8CD4}"
EndProject
Global
	GlobalSection(SolutionConfigurationPlatforms) = preSolution
		Debug|Any CPU = Debug|Any CPU
		Release|Any CPU = Release|Any CPU
	EndGlobalSection
	GlobalSection(ProjectConfigurationPlatforms) = postSolution
		{B2557546-12A6-4EC8-A92F-3DE31D5E8CD4}.Debug|Any CPU.ActiveCfg = Debug|Any CPU
		{B2557546-12A6-4EC8-A92F-3DE31D5E8CD4}.Debug|Any CPU.Build.0 = Debug|Any CPU
		{B2557546-12A6-4EC8-A92F-3DE31D5E8CD4}.Release|Any CPU.ActiveCfg = Release|Any CPU
		{B2557546-12A6-4EC8-A92F-3DE31D5E8CD4}.Release|Any CPU.Build.0 = Release|Any CPU
	EndGlobalSection
EndGlobal
