
Microsoft Visual Studio Solution File, Format Version 12.00
Project("{FAE04EC0-301F-11D3-BF4B-00C04F79EFBC}") = "sample-test02", "sample-test02.csproj", "{037698CA-3E8A-43E7-A692-90037EF9053B}"
EndProject
Global
	GlobalSection(SolutionConfigurationPlatforms) = preSolution
		Debug|Any CPU = Debug|Any CPU
		Release|Any CPU = Release|Any CPU
	EndGlobalSection
	GlobalSection(ProjectConfigurationPlatforms) = postSolution
		{037698CA-3E8A-43E7-A692-90037EF9053B}.Debug|Any CPU.ActiveCfg = Debug|Any CPU
		{037698CA-3E8A-43E7-A692-90037EF9053B}.Debug|Any CPU.Build.0 = Debug|Any CPU
		{037698CA-3E8A-43E7-A692-90037EF9053B}.Release|Any CPU.ActiveCfg = Release|Any CPU
		{037698CA-3E8A-43E7-A692-90037EF9053B}.Release|Any CPU.Build.0 = Release|Any CPU
	EndGlobalSection
EndGlobal
